
Microsoft Visual Studio Solution File, Format Version 12.00
# Visual Studio 2013
VisualStudioVersion = 12.0.30501.0
MinimumVisualStudioVersion = 10.0.40219.1
Project("{FAE04EC0-301F-11D3-BF4B-00C04F79EFBC}") = "Metr2", "Metr2\Metr2.csproj", "{D93DC04A-28B4-4B43-ABE5-0DE3BC88B703}"
EndProject
Project("{FAE04EC0-301F-11D3-BF4B-00C04F79EFBC}") = "Main_interface", "Votes_Interface\Main_interface.csproj", "{AB0E189B-96EE-4FF6-88A2-B8AFC69AD6DB}"
EndProject
Project("{FAE04EC0-301F-11D3-BF4B-00C04F79EFBC}") = "Learn_Interface", "Learn_Interface\Learn_Interface.csproj", "{E58D40A5-7F22-4722-B67C-30E2009B1740}"
EndProject
Project("{FAE04EC0-301F-11D3-BF4B-00C04F79EFBC}") = "Use_Interface", "Use_Interface\Use_Interface.csproj", "{504A9490-F59A-4A74-B760-3F3F7E79C524}"
EndProject
Global
	GlobalSection(SolutionConfigurationPlatforms) = preSolution
		Debug|Any CPU = Debug|Any CPU
		Debug|Mixed Platforms = Debug|Mixed Platforms
		Debug|x86 = Debug|x86
		Release|Any CPU = Release|Any CPU
		Release|Mixed Platforms = Release|Mixed Platforms
		Release|x86 = Release|x86
	EndGlobalSection
	GlobalSection(ProjectConfigurationPlatforms) = postSolution
		{D93DC04A-28B4-4B43-ABE5-0DE3BC88B703}.Debug|Any CPU.ActiveCfg = Debug|x86
		{D93DC04A-28B4-4B43-ABE5-0DE3BC88B703}.Debug|Mixed Platforms.ActiveCfg = Debug|x86
		{D93DC04A-28B4-4B43-ABE5-0DE3BC88B703}.Debug|Mixed Platforms.Build.0 = Debug|x86
		{D93DC04A-28B4-4B43-ABE5-0DE3BC88B703}.Debug|x86.ActiveCfg = Debug|x86
		{D93DC04A-28B4-4B43-ABE5-0DE3BC88B703}.Debug|x86.Build.0 = Debug|x86
		{D93DC04A-28B4-4B43-ABE5-0DE3BC88B703}.Release|Any CPU.ActiveCfg = Release|x86
		{D93DC04A-28B4-4B43-ABE5-0DE3BC88B703}.Release|Mixed Platforms.ActiveCfg = Release|x86
		{D93DC04A-28B4-4B43-ABE5-0DE3BC88B703}.Release|Mixed Platforms.Build.0 = Release|x86
		{D93DC04A-28B4-4B43-ABE5-0DE3BC88B703}.Release|x86.ActiveCfg = Release|x86
		{D93DC04A-28B4-4B43-ABE5-0DE3BC88B703}.Release|x86.Build.0 = Release|x86
		{AB0E189B-96EE-4FF6-88A2-B8AFC69AD6DB}.Debug|Any CPU.ActiveCfg = Debug|Any CPU
		{AB0E189B-96EE-4FF6-88A2-B8AFC69AD6DB}.Debug|Any CPU.Build.0 = Debug|Any CPU
		{AB0E189B-96EE-4FF6-88A2-B8AFC69AD6DB}.Debug|Mixed Platforms.ActiveCfg = Debug|Any CPU
		{AB0E189B-96EE-4FF6-88A2-B8AFC69AD6DB}.Debug|Mixed Platforms.Build.0 = Debug|Any CPU
		{AB0E189B-96EE-4FF6-88A2-B8AFC69AD6DB}.Debug|x86.ActiveCfg = Debug|Any CPU
		{AB0E189B-96EE-4FF6-88A2-B8AFC69AD6DB}.Release|Any CPU.ActiveCfg = Release|Any CPU
		{AB0E189B-96EE-4FF6-88A2-B8AFC69AD6DB}.Release|Any CPU.Build.0 = Release|Any CPU
		{AB0E189B-96EE-4FF6-88A2-B8AFC69AD6DB}.Release|Mixed Platforms.ActiveCfg = Release|Any CPU
		{AB0E189B-96EE-4FF6-88A2-B8AFC69AD6DB}.Release|Mixed Platforms.Build.0 = Release|Any CPU
		{AB0E189B-96EE-4FF6-88A2-B8AFC69AD6DB}.Release|x86.ActiveCfg = Release|Any CPU
		{E58D40A5-7F22-4722-B67C-30E2009B1740}.Debug|Any CPU.ActiveCfg = Debug|Any CPU
		{E58D40A5-7F22-4722-B67C-30E2009B1740}.Debug|Any CPU.Build.0 = Debug|Any CPU
		{E58D40A5-7F22-4722-B67C-30E2009B1740}.Debug|Mixed Platforms.ActiveCfg = Debug|Any CPU
		{E58D40A5-7F22-4722-B67C-30E2009B1740}.Debug|Mixed Platforms.Build.0 = Debug|Any CPU
		{E58D40A5-7F22-4722-B67C-30E2009B1740}.Debug|x86.ActiveCfg = Debug|Any CPU
		{E58D40A5-7F22-4722-B67C-30E2009B1740}.Release|Any CPU.ActiveCfg = Release|Any CPU
		{E58D40A5-7F22-4722-B67C-30E2009B1740}.Release|Any CPU.Build.0 = Release|Any CPU
		{E58D40A5-7F22-4722-B67C-30E2009B1740}.Release|Mixed Platforms.ActiveCfg = Release|Any CPU
		{E58D40A5-7F22-4722-B67C-30E2009B1740}.Release|Mixed Platforms.Build.0 = Release|Any CPU
		{E58D40A5-7F22-4722-B67C-30E2009B1740}.Release|x86.ActiveCfg = Release|Any CPU
		{504A9490-F59A-4A74-B760-3F3F7E79C524}.Debug|Any CPU.ActiveCfg = Debug|Any CPU
		{504A9490-F59A-4A74-B760-3F3F7E79C524}.Debug|Any CPU.Build.0 = Debug|Any CPU
		{504A9490-F59A-4A74-B760-3F3F7E79C524}.Debug|Mixed Platforms.ActiveCfg = Debug|Any CPU
		{504A9490-F59A-4A74-B760-3F3F7E79C524}.Debug|Mixed Platforms.Build.0 = Debug|Any CPU
		{504A9490-F59A-4A74-B760-3F3F7E79C524}.Debug|x86.ActiveCfg = Debug|Any CPU
		{504A9490-F59A-4A74-B760-3F3F7E79C524}.Release|Any CPU.ActiveCfg = Release|Any CPU
		{504A9490-F59A-4A74-B760-3F3F7E79C524}.Release|Any CPU.Build.0 = Release|Any CPU
		{504A9490-F59A-4A74-B760-3F3F7E79C524}.Release|Mixed Platforms.ActiveCfg = Release|Any CPU
		{504A9490-F59A-4A74-B760-3F3F7E79C524}.Release|Mixed Platforms.Build.0 = Release|Any CPU
		{504A9490-F59A-4A74-B760-3F3F7E79C524}.Release|x86.ActiveCfg = Release|Any CPU
	EndGlobalSection
	GlobalSection(SolutionProperties) = preSolution
		HideSolutionNode = FALSE
	EndGlobalSection
EndGlobal
